// !$*UTF8*$!
{
	archiveVersion = 1;
	classes = {
	};
	objectVersion = 50;
	objects = {

/* Begin PBXBuildFile section */
		ACA0DB71208E126C00A962C4 /* AppDelegate.swift in Sources */ = {isa = PBXBuildFile; fileRef = ACA0DB70208E126C00A962C4 /* AppDelegate.swift */; };
		ACA0DB73208E126C00A962C4 /* ViewController.swift in Sources */ = {isa = PBXBuildFile; fileRef = ACA0DB72208E126C00A962C4 /* ViewController.swift */; };
		ACA0DB76208E126C00A962C4 /* Main.storyboard in Resources */ = {isa = PBXBuildFile; fileRef = ACA0DB74208E126C00A962C4 /* Main.storyboard */; };
		ACA0DB79208E126C00A962C4 /* MacPaw_Internship.xcdatamodeld in Sources */ = {isa = PBXBuildFile; fileRef = ACA0DB77208E126C00A962C4 /* MacPaw_Internship.xcdatamodeld */; };
		ACA0DB7B208E127100A962C4 /* Assets.xcassets in Resources */ = {isa = PBXBuildFile; fileRef = ACA0DB7A208E127100A962C4 /* Assets.xcassets */; };
		ACA0DB7E208E127100A962C4 /* LaunchScreen.storyboard in Resources */ = {isa = PBXBuildFile; fileRef = ACA0DB7C208E127100A962C4 /* LaunchScreen.storyboard */; };
/* End PBXBuildFile section */

/* Begin PBXFileReference section */
		ACA0DB6D208E126C00A962C4 /* MacPaw_Internship.app */ = {isa = PBXFileReference; explicitFileType = wrapper.application; includeInIndex = 0; path = MacPaw_Internship.app; sourceTree = BUILT_PRODUCTS_DIR; };
		ACA0DB70208E126C00A962C4 /* AppDelegate.swift */ = {isa = PBXFileReference; lastKnownFileType = sourcecode.swift; path = AppDelegate.swift; sourceTree = "<group>"; };
		ACA0DB72208E126C00A962C4 /* ViewController.swift */ = {isa = PBXFileReference; lastKnownFileType = sourcecode.swift; path = ViewController.swift; sourceTree = "<group>"; };
		ACA0DB75208E126C00A962C4 /* Base */ = {isa = PBXFileReference; lastKnownFileType = file.storyboard; name = Base; path = Base.lproj/Main.storyboard; sourceTree = "<group>"; };
		ACA0DB78208E126C00A962C4 /* MacPaw_Internship.xcdatamodel */ = {isa = PBXFileReference; lastKnownFileType = wrapper.xcdatamodel; path = MacPaw_Internship.xcdatamodel; sourceTree = "<group>"; };
		ACA0DB7A208E127100A962C4 /* Assets.xcassets */ = {isa = PBXFileReference; lastKnownFileType = folder.assetcatalog; path = Assets.xcassets; sourceTree = "<group>"; };
		ACA0DB7D208E127100A962C4 /* Base */ = {isa = PBXFileReference; lastKnownFileType = file.storyboard; name = Base; path = Base.lproj/LaunchScreen.storyboard; sourceTree = "<group>"; };
		ACA0DB7F208E127100A962C4 /* Info.plist */ = {isa = PBXFileReference; lastKnownFileType = text.plist.xml; path = Info.plist; sourceTree = "<group>"; };
/* End PBXFileReference section */

/* Begin PBXFrameworksBuildPhase section */
		ACA0DB6A208E126C00A962C4 /* Frameworks */ = {
			isa = PBXFrameworksBuildPhase;
			buildActionMask = 2147483647;
			files = (
			);
			runOnlyForDeploymentPostprocessing = 0;
		};
/* End PBXFrameworksBuildPhase section */

/* Begin PBXGroup section */
		ACA0DB64208E126C00A962C4 = {
			isa = PBXGroup;
			children = (
				ACA0DB6F208E126C00A962C4 /* MacPaw_Internship */,
				ACA0DB6E208E126C00A962C4 /* Products */,
			);
			sourceTree = "<group>";
		};
		ACA0DB6E208E126C00A962C4 /* Products */ = {
			isa = PBXGroup;
			children = (
				ACA0DB6D208E126C00A962C4 /* MacPaw_Internship.app */,
			);
			name = Products;
			sourceTree = "<group>";
		};
		ACA0DB6F208E126C00A962C4 /* MacPaw_Internship */ = {
			isa = PBXGroup;
			children = (
				ACA0DB70208E126C00A962C4 /* AppDelegate.swift */,
				ACA0DB72208E126C00A962C4 /* ViewController.swift */,
				ACA0DB74208E126C00A962C4 /* Main.storyboard */,
				ACA0DB7A208E127100A962C4 /* Assets.xcassets */,
				ACA0DB7C208E127100A962C4 /* LaunchScreen.storyboard */,
				ACA0DB7F208E127100A962C4 /* Info.plist */,
				ACA0DB77208E126C00A962C4 /* MacPaw_Internship.xcdatamodeld */,
			);
			path = MacPaw_Internship;
			sourceTree = "<group>";
		};
/* End PBXGroup section */

/* Begin PBXNativeTarget section */
		ACA0DB6C208E126C00A962C4 /* MacPaw_Internship */ = {
			isa = PBXNativeTarget;
			buildConfigurationList = ACA0DB82208E127100A962C4 /* Build configuration list for PBXNativeTarget "MacPaw_Internship" */;
			buildPhases = (
				ACA0DB69208E126C00A962C4 /* Sources */,
				ACA0DB6A208E126C00A962C4 /* Frameworks */,
				ACA0DB6B208E126C00A962C4 /* Resources */,
			);
			buildRules = (
			);
			dependencies = (
			);
			name = MacPaw_Internship;
			productName = MacPaw_Internship;
			productReference = ACA0DB6D208E126C00A962C4 /* MacPaw_Internship.app */;
			productType = "com.apple.product-type.application";
		};
/* End PBXNativeTarget section */

/* Begin PBXProject section */
		ACA0DB65208E126C00A962C4 /* Project object */ = {
			isa = PBXProject;
			attributes = {
				LastSwiftUpdateCheck = 0930;
				LastUpgradeCheck = 0930;
				ORGANIZATIONNAME = Artem;
				TargetAttributes = {
					ACA0DB6C208E126C00A962C4 = {
						CreatedOnToolsVersion = 9.3;
					};
				};
			};
			buildConfigurationList = ACA0DB68208E126C00A962C4 /* Build configuration list for PBXProject "MacPaw_Internship" */;
			compatibilityVersion = "Xcode 9.3";
			developmentRegion = en;
			hasScannedForEncodings = 0;
			knownRegions = (
				en,
				Base,
			);
			mainGroup = ACA0DB64208E126C00A962C4;
			productRefGroup = ACA0DB6E208E126C00A962C4 /* Products */;
			projectDirPath = "";
			projectRoot = "";
			targets = (
				ACA0DB6C208E126C00A962C4 /* MacPaw_Internship */,
			);
		};
/* End PBXProject section */

/* Begin PBXResourcesBuildPhase section */
		ACA0DB6B208E126C00A962C4 /* Resources */ = {
			isa = PBXResourcesBuildPhase;
			buildActionMask = 2147483647;
			files = (
				ACA0DB7E208E127100A962C4 /* LaunchScreen.storyboard in Resources */,
				ACA0DB7B208E127100A962C4 /* Assets.xcassets in Resources */,
				ACA0DB76208E126C00A962C4 /* Main.storyboard in Resources */,
			);
			runOnlyForDeploymentPostprocessing = 0;
		};
/* End PBXResourcesBuildPhase section */

/* Begin PBXSourcesBuildPhase section */
		ACA0DB69208E126C00A962C4 /* Sources */ = {
			isa = PBXSourcesBuildPhase;
			buildActionMask = 2147483647;
			files = (
				ACA0DB73208E126C00A962C4 /* ViewController.swift in Sources */,
				ACA0DB71208E126C00A962C4 /* AppDelegate.swift in Sources */,
				ACA0DB79208E126C00A962C4 /* MacPaw_Internship.xcdatamodeld in Sources */,
			);
			runOnlyForDeploymentPostprocessing = 0;
		};
/* End PBXSourcesBuildPhase section */

/* Begin PBXVariantGroup section */
		ACA0DB74208E126C00A962C4 /* Main.storyboard */ = {
			isa = PBXVariantGroup;
			children = (
				ACA0DB75208E126C00A962C4 /* Base */,
			);
			name = Main.storyboard;
			sourceTree = "<group>";
		};
		ACA0DB7C208E127100A962C4 /* LaunchScreen.storyboard */ = {
			isa = PBXVariantGroup;
			children = (
				ACA0DB7D208E127100A962C4 /* Base */,
			);
			name = LaunchScreen.storyboard;
			sourceTree = "<group>";
		};
/* End PBXVariantGroup section */

/* Begin XCBuildConfiguration section */
		ACA0DB80208E127100A962C4 /* Debug */ = {
			isa = XCBuildConfiguration;
			buildSettings = {
				ALWAYS_SEARCH_USER_PATHS = NO;
				CLANG_ANALYZER_NONNULL = YES;
				CLANG_ANALYZER_NUMBER_OBJECT_CONVERSION = YES_AGGRESSIVE;
				CLANG_CXX_LANGUAGE_STANDARD = "gnu++14";
				CLANG_CXX_LIBRARY = "libc++";
				CLANG_ENABLE_MODULES = YES;
				CLANG_ENABLE_OBJC_ARC = YES;
				CLANG_ENABLE_OBJC_WEAK = YES;
				CLANG_WARN_BLOCK_CAPTURE_AUTORELEASING = YES;
				CLANG_WARN_BOOL_CONVERSION = YES;
				CLANG_WARN_COMMA = YES;
				CLANG_WARN_CONSTANT_CONVERSION = YES;
				CLANG_WARN_DEPRECATED_OBJC_IMPLEMENTATIONS = YES;
				CLANG_WARN_DIRECT_OBJC_ISA_USAGE = YES_ERROR;
				CLANG_WARN_DOCUMENTATION_COMMENTS = YES;
				CLANG_WARN_EMPTY_BODY = YES;
				CLANG_WARN_ENUM_CONVERSION = YES;
				CLANG_WARN_INFINITE_RECURSION = YES;
				CLANG_WARN_INT_CONVERSION = YES;
				CLANG_WARN_NON_LITERAL_NULL_CONVERSION = YES;
				CLANG_WARN_OBJC_IMPLICIT_RETAIN_SELF = YES;
				CLANG_WARN_OBJC_LITERAL_CONVERSION = YES;
				CLANG_WARN_OBJC_ROOT_CLASS = YES_ERROR;
				CLANG_WARN_RANGE_LOOP_ANALYSIS = YES;
				CLANG_WARN_STRICT_PROTOTYPES = YES;
				CLANG_WARN_SUSPICIOUS_MOVE = YES;
				CLANG_WARN_UNGUARDED_AVAILABILITY = YES_AGGRESSIVE;
				CLANG_WARN_UNREACHABLE_CODE = YES;
				CLANG_WARN__DUPLICATE_METHOD_MATCH = YES;
				CODE_SIGN_IDENTITY = "iPhone Developer";
				COPY_PHASE_STRIP = NO;
				DEBUG_INFORMATION_FORMAT = dwarf;
				ENABLE_STRICT_OBJC_MSGSEND = YES;
				ENABLE_TESTABILITY = YES;
				GCC_C_LANGUAGE_STANDARD = gnu11;
				GCC_DYNAMIC_NO_PIC = NO;
				GCC_NO_COMMON_BLOCKS = YES;
				GCC_OPTIMIZATION_LEVEL = 0;
				GCC_PREPROCESSOR_DEFINITIONS = (
					"DEBUG=1",
					"$(inherited)",
				);
				GCC_WARN_64_TO_32_BIT_CONVERSION = YES;
				GCC_WARN_ABOUT_RETURN_TYPE = YES_ERROR;
				GCC_WARN_UNDECLARED_SELECTOR = YES;
				GCC_WARN_UNINITIALIZED_AUTOS = YES_AGGRESSIVE;
				GCC_WARN_UNUSED_FUNCTION = YES;
				GCC_WARN_UNUSED_VARIABLE = YES;
				IPHONEOS_DEPLOYMENT_TARGET = 11.3;
				MTL_ENABLE_DEBUG_INFO = YES;
				ONLY_ACTIVE_ARCH = YES;
				SDKROOT = iphoneos;
				SWIFT_ACTIVE_COMPILATION_CONDITIONS = DEBUG;
				SWIFT_OPTIMIZATION_LEVEL = "-Onone";
			};
			name = Debug;
		};
		ACA0DB81208E127100A962C4 /* Release */ = {
			isa = XCBuildConfiguration;
			buildSettings = {
				ALWAYS_SEARCH_USER_PATHS = NO;
				CLANG_ANALYZER_NONNULL = YES;
				CLANG_ANALYZER_NUMBER_OBJECT_CONVERSION = YES_AGGRESSIVE;
				CLANG_CXX_LANGUAGE_STANDARD = "gnu++14";
				CLANG_CXX_LIBRARY = "libc++";
				CLANG_ENABLE_MODULES = YES;
				CLANG_ENABLE_OBJC_ARC = YES;
				CLANG_ENABLE_OBJC_WEAK = YES;
				CLANG_WARN_BLOCK_CAPTURE_AUTORELEASING = YES;
				CLANG_WARN_BOOL_CONVERSION = YES;
				CLANG_WARN_COMMA = YES;
				CLANG_WARN_CONSTANT_CONVERSION = YES;
				CLANG_WARN_DEPRECATED_OBJC_IMPLEMENTATIONS = YES;
				CLANG_WARN_DIRECT_OBJC_ISA_USAGE = YES_ERROR;
				CLANG_WARN_DOCUMENTATION_COMMENTS = YES;
				CLANG_WARN_EMPTY_BODY = YES;
				CLANG_WARN_ENUM_CONVERSION = YES;
				CLANG_WARN_INFINITE_RECURSION = YES;
				CLANG_WARN_INT_CONVERSION = YES;
				CLANG_WARN_NON_LITERAL_NULL_CONVERSION = YES;
				CLANG_WARN_OBJC_IMPLICIT_RETAIN_SELF = YES;
				CLANG_WARN_OBJC_LITERAL_CONVERSION = YES;
				CLANG_WARN_OBJC_ROOT_CLASS = YES_ERROR;
				CLANG_WARN_RANGE_LOOP_ANALYSIS = YES;
				CLANG_WARN_STRICT_PROTOTYPES = YES;
				CLANG_WARN_SUSPICIOUS_MOVE = YES;
				CLANG_WARN_UNGUARDED_AVAILABILITY = YES_AGGRESSIVE;
				CLANG_WARN_UNREACHABLE_CODE = YES;
				CLANG_WARN__DUPLICATE_METHOD_MATCH = YES;
				CODE_SIGN_IDENTITY = "iPhone Developer";
				COPY_PHASE_STRIP = NO;
				DEBUG_INFORMATION_FORMAT = "dwarf-with-dsym";
				ENABLE_NS_ASSERTIONS = NO;
				ENABLE_STRICT_OBJC_MSGSEND = YES;
				GCC_C_LANGUAGE_STANDARD = gnu11;
				GCC_NO_COMMON_BLOCKS = YES;
				GCC_WARN_64_TO_32_BIT_CONVERSION = YES;
				GCC_WARN_ABOUT_RETURN_TYPE = YES_ERROR;
				GCC_WARN_UNDECLARED_SELECTOR = YES;
				GCC_WARN_UNINITIALIZED_AUTOS = YES_AGGRESSIVE;
				GCC_WARN_UNUSED_FUNCTION = YES;
				GCC_WARN_UNUSED_VARIABLE = YES;
				IPHONEOS_DEPLOYMENT_TARGET = 11.3;
				MTL_ENABLE_DEBUG_INFO = NO;
				SDKROOT = iphoneos;
				SWIFT_COMPILATION_MODE = wholemodule;
				SWIFT_OPTIMIZATION_LEVEL = "-O";
				VALIDATE_PRODUCT = YES;
			};
			name = Release;
		};
		ACA0DB83208E127100A962C4 /* Debug */ = {
			isa = XCBuildConfiguration;
			buildSettings = {
				ASSETCATALOG_COMPILER_APPICON_NAME = AppIcon;
				CODE_SIGN_STYLE = Automatic;
				DEVELOPMENT_TEAM = JE5R4U2ZLM;
				INFOPLIST_FILE = MacPaw_Internship/Info.plist;
				LD_RUNPATH_SEARCH_PATHS = (
					"$(inherited)",
					"@executable_path/Frameworks",
				);
				PRODUCT_BUNDLE_IDENTIFIER = "Artem.MacPaw-Internship";
				PRODUCT_NAME = "$(TARGET_NAME)";
				SWIFT_VERSION = 4.0;
				TARGETED_DEVICE_FAMILY = "1,2";
			};
			name = Debug;
		};
		ACA0DB84208E127100A962C4 /* Release */ = {
			isa = XCBuildConfiguration;
			buildSettings = {
				ASSETCATALOG_COMPILER_APPICON_NAME = AppIcon;
				CODE_SIGN_STYLE = Automatic;
				DEVELOPMENT_TEAM = JE5R4U2ZLM;
				INFOPLIST_FILE = MacPaw_Internship/Info.plist;
				LD_RUNPATH_SEARCH_PATHS = (
					"$(inherited)",
					"@executable_path/Frameworks",
				);
				PRODUCT_BUNDLE_IDENTIFIER = "Artem.MacPaw-Internship";
				PRODUCT_NAME = "$(TARGET_NAME)";
				SWIFT_VERSION = 4.0;
				TARGETED_DEVICE_FAMILY = "1,2";
			};
			name = Release;
		};
/* End XCBuildConfiguration section */

/* Begin XCConfigurationList section */
		ACA0DB68208E126C00A962C4 /* Build configuration list for PBXProject "MacPaw_Internship" */ = {
			isa = XCConfigurationList;
			buildConfigurations = (
				ACA0DB80208E127100A962C4 /* Debug */,
				ACA0DB81208E127100A962C4 /* Release */,
			);
			defaultConfigurationIsVisible = 0;
			defaultConfigurationName = Release;
		};
		ACA0DB82208E127100A962C4 /* Build configuration list for PBXNativeTarget "MacPaw_Internship" */ = {
			isa = XCConfigurationList;
			buildConfigurations = (
				ACA0DB83208E127100A962C4 /* Debug */,
				ACA0DB84208E127100A962C4 /* Release */,
			);
			defaultConfigurationIsVisible = 0;
			defaultConfigurationName = Release;
		};
/* End XCConfigurationList section */

/* Begin XCVersionGroup section */
		ACA0DB77208E126C00A962C4 /* MacPaw_Internship.xcdatamodeld */ = {
			isa = XCVersionGroup;
			children = (
				ACA0DB78208E126C00A962C4 /* MacPaw_Internship.xcdatamodel */,
			);
			currentVersion = ACA0DB78208E126C00A962C4 /* MacPaw_Internship.xcdatamodel */;
			path = MacPaw_Internship.xcdatamodeld;
			sourceTree = "<group>";
			versionGroupType = wrapper.xcdatamodel;
		};
/* End XCVersionGroup section */
	};
	rootObject = ACA0DB65208E126C00A962C4 /* Project object */;
}
