// !$*UTF8*$!
{
	archiveVersion = 1;
	classes = {
	};
	objectVersion = 50;
	objects = {

/* Begin PBXBuildFile section */
		AC4AFE1620956733004BD25B /* MacPaw_Internship.xcdatamodeld in Sources */ = {isa = PBXBuildFile; fileRef = AC4AFE1420956733004BD25B /* MacPaw_Internship.xcdatamodeld */; };
		AC4F69F92097DBDA0096E555 /* UITableViewDelegate.swift in Sources */ = {isa = PBXBuildFile; fileRef = AC4F69F82097DBDA0096E555 /* UITableViewDelegate.swift */; };
		AC4F69FC2097DE490096E555 /* UIPickerViewDelegate.swift in Sources */ = {isa = PBXBuildFile; fileRef = AC4F69FB2097DE490096E555 /* UIPickerViewDelegate.swift */; };
		AC4F69FE2097DF860096E555 /* UIImagePickerViewControllerDelegate.swift in Sources */ = {isa = PBXBuildFile; fileRef = AC4F69FD2097DF860096E555 /* UIImagePickerViewControllerDelegate.swift */; };
		AC4F6A022097E5860096E555 /* UITableViewDataSource.swift in Sources */ = {isa = PBXBuildFile; fileRef = AC4F6A012097E5860096E555 /* UITableViewDataSource.swift */; };
		AC683A302097E73E00047585 /* UIPickerViewDataSource.swift in Sources */ = {isa = PBXBuildFile; fileRef = AC683A2F2097E73E00047585 /* UIPickerViewDataSource.swift */; };
		ACA0DB71208E126C00A962C4 /* AppDelegate.swift in Sources */ = {isa = PBXBuildFile; fileRef = ACA0DB70208E126C00A962C4 /* AppDelegate.swift */; };
		ACA0DB73208E126C00A962C4 /* GamesViewController.swift in Sources */ = {isa = PBXBuildFile; fileRef = ACA0DB72208E126C00A962C4 /* GamesViewController.swift */; };
		ACA0DB76208E126C00A962C4 /* Main.storyboard in Resources */ = {isa = PBXBuildFile; fileRef = ACA0DB74208E126C00A962C4 /* Main.storyboard */; };
		ACA0DB7B208E127100A962C4 /* Assets.xcassets in Resources */ = {isa = PBXBuildFile; fileRef = ACA0DB7A208E127100A962C4 /* Assets.xcassets */; };
		ACA0DB7E208E127100A962C4 /* LaunchScreen.storyboard in Resources */ = {isa = PBXBuildFile; fileRef = ACA0DB7C208E127100A962C4 /* LaunchScreen.storyboard */; };
		ACA0DB87208E3A7200A962C4 /* GameCell.swift in Sources */ = {isa = PBXBuildFile; fileRef = ACA0DB86208E3A7200A962C4 /* GameCell.swift */; };
		ACA0DB8B208F38E400A962C4 /* AddingGameView.swift in Sources */ = {isa = PBXBuildFile; fileRef = ACA0DB8A208F38E400A962C4 /* AddingGameView.swift */; };
		ACC63AB32097F5BF001559F6 /* FilterGame.swift in Sources */ = {isa = PBXBuildFile; fileRef = ACC63AB22097F5BF001559F6 /* FilterGame.swift */; };
		ACC63AB52097F65F001559F6 /* SaveGame.swift in Sources */ = {isa = PBXBuildFile; fileRef = ACC63AB42097F65F001559F6 /* SaveGame.swift */; };
		ACC63AB72097F7F4001559F6 /* GetCurrentYear.swift in Sources */ = {isa = PBXBuildFile; fileRef = ACC63AB62097F7F4001559F6 /* GetCurrentYear.swift */; };
		ACC63AB92097FF3D001559F6 /* UIGestureRecognizerDelegate.swift in Sources */ = {isa = PBXBuildFile; fileRef = ACC63AB82097FF3C001559F6 /* UIGestureRecognizerDelegate.swift */; };
		ACC63ABB20980013001559F6 /* ShowAddingGameView.swift in Sources */ = {isa = PBXBuildFile; fileRef = ACC63ABA20980013001559F6 /* ShowAddingGameView.swift */; };
		ACC63AC0209801A7001559F6 /* HideAddingGameView.swift in Sources */ = {isa = PBXBuildFile; fileRef = ACC63ABF209801A7001559F6 /* HideAddingGameView.swift */; };
/* End PBXBuildFile section */

/* Begin PBXFileReference section */
		AC4AFE1520956733004BD25B /* MacPaw_Internship.xcdatamodel */ = {isa = PBXFileReference; lastKnownFileType = wrapper.xcdatamodel; path = MacPaw_Internship.xcdatamodel; sourceTree = "<group>"; };
		AC4F69F82097DBDA0096E555 /* UITableViewDelegate.swift */ = {isa = PBXFileReference; lastKnownFileType = sourcecode.swift; path = UITableViewDelegate.swift; sourceTree = "<group>"; };
		AC4F69FB2097DE490096E555 /* UIPickerViewDelegate.swift */ = {isa = PBXFileReference; lastKnownFileType = sourcecode.swift; path = UIPickerViewDelegate.swift; sourceTree = "<group>"; };
		AC4F69FD2097DF860096E555 /* UIImagePickerViewControllerDelegate.swift */ = {isa = PBXFileReference; lastKnownFileType = sourcecode.swift; path = UIImagePickerViewControllerDelegate.swift; sourceTree = "<group>"; };
		AC4F6A012097E5860096E555 /* UITableViewDataSource.swift */ = {isa = PBXFileReference; lastKnownFileType = sourcecode.swift; name = UITableViewDataSource.swift; path = ../UITableViewDataSource.swift; sourceTree = "<group>"; };
		AC683A2F2097E73E00047585 /* UIPickerViewDataSource.swift */ = {isa = PBXFileReference; lastKnownFileType = sourcecode.swift; path = UIPickerViewDataSource.swift; sourceTree = "<group>"; };
		ACA0DB6D208E126C00A962C4 /* MacPaw_Internship.app */ = {isa = PBXFileReference; explicitFileType = wrapper.application; includeInIndex = 0; path = MacPaw_Internship.app; sourceTree = BUILT_PRODUCTS_DIR; };
		ACA0DB70208E126C00A962C4 /* AppDelegate.swift */ = {isa = PBXFileReference; lastKnownFileType = sourcecode.swift; path = AppDelegate.swift; sourceTree = "<group>"; };
		ACA0DB72208E126C00A962C4 /* GamesViewController.swift */ = {isa = PBXFileReference; lastKnownFileType = sourcecode.swift; path = GamesViewController.swift; sourceTree = "<group>"; };
		ACA0DB75208E126C00A962C4 /* Base */ = {isa = PBXFileReference; lastKnownFileType = file.storyboard; name = Base; path = Base.lproj/Main.storyboard; sourceTree = "<group>"; };
		ACA0DB7A208E127100A962C4 /* Assets.xcassets */ = {isa = PBXFileReference; lastKnownFileType = folder.assetcatalog; path = Assets.xcassets; sourceTree = "<group>"; };
		ACA0DB7D208E127100A962C4 /* Base */ = {isa = PBXFileReference; lastKnownFileType = file.storyboard; name = Base; path = Base.lproj/LaunchScreen.storyboard; sourceTree = "<group>"; };
		ACA0DB7F208E127100A962C4 /* Info.plist */ = {isa = PBXFileReference; lastKnownFileType = text.plist.xml; path = Info.plist; sourceTree = "<group>"; };
		ACA0DB86208E3A7200A962C4 /* GameCell.swift */ = {isa = PBXFileReference; lastKnownFileType = sourcecode.swift; path = GameCell.swift; sourceTree = "<group>"; };
		ACA0DB8A208F38E400A962C4 /* AddingGameView.swift */ = {isa = PBXFileReference; lastKnownFileType = sourcecode.swift; path = AddingGameView.swift; sourceTree = "<group>"; };
		ACC63AB22097F5BF001559F6 /* FilterGame.swift */ = {isa = PBXFileReference; lastKnownFileType = sourcecode.swift; path = FilterGame.swift; sourceTree = "<group>"; };
		ACC63AB42097F65F001559F6 /* SaveGame.swift */ = {isa = PBXFileReference; lastKnownFileType = sourcecode.swift; path = SaveGame.swift; sourceTree = "<group>"; };
		ACC63AB62097F7F4001559F6 /* GetCurrentYear.swift */ = {isa = PBXFileReference; lastKnownFileType = sourcecode.swift; path = GetCurrentYear.swift; sourceTree = "<group>"; };
		ACC63AB82097FF3C001559F6 /* UIGestureRecognizerDelegate.swift */ = {isa = PBXFileReference; lastKnownFileType = sourcecode.swift; path = UIGestureRecognizerDelegate.swift; sourceTree = "<group>"; };
		ACC63ABA20980013001559F6 /* ShowAddingGameView.swift */ = {isa = PBXFileReference; lastKnownFileType = sourcecode.swift; path = ShowAddingGameView.swift; sourceTree = "<group>"; };
		ACC63ABF209801A7001559F6 /* HideAddingGameView.swift */ = {isa = PBXFileReference; lastKnownFileType = sourcecode.swift; path = HideAddingGameView.swift; sourceTree = "<group>"; };
/* End PBXFileReference section */

/* Begin PBXFrameworksBuildPhase section */
		ACA0DB6A208E126C00A962C4 /* Frameworks */ = {
			isa = PBXFrameworksBuildPhase;
			buildActionMask = 2147483647;
			files = (
			);
			runOnlyForDeploymentPostprocessing = 0;
		};
/* End PBXFrameworksBuildPhase section */

/* Begin PBXGroup section */
		AC4F69FA2097DBE20096E555 /* Extentions */ = {
			isa = PBXGroup;
			children = (
				ACC63AB22097F5BF001559F6 /* FilterGame.swift */,
				ACC63AB42097F65F001559F6 /* SaveGame.swift */,
				ACC63AB62097F7F4001559F6 /* GetCurrentYear.swift */,
				ACC63ABC20980140001559F6 /* IBActions */,
				AC4F69FF2097E45B0096E555 /* Delegates & Data Sources */,
			);
			path = Extentions;
			sourceTree = "<group>";
		};
		AC4F69FF2097E45B0096E555 /* Delegates & Data Sources */ = {
			isa = PBXGroup;
			children = (
				AC4F6A002097E50A0096E555 /* Delegates */,
				AC4F6A032097E64A0096E555 /* Data Source */,
			);
			path = "Delegates & Data Sources";
			sourceTree = "<group>";
		};
		AC4F6A002097E50A0096E555 /* Delegates */ = {
			isa = PBXGroup;
			children = (
				AC4F69F82097DBDA0096E555 /* UITableViewDelegate.swift */,
				AC4F69FB2097DE490096E555 /* UIPickerViewDelegate.swift */,
				AC4F69FD2097DF860096E555 /* UIImagePickerViewControllerDelegate.swift */,
				ACC63AB82097FF3C001559F6 /* UIGestureRecognizerDelegate.swift */,
			);
			path = Delegates;
			sourceTree = "<group>";
		};
		AC4F6A032097E64A0096E555 /* Data Source */ = {
			isa = PBXGroup;
			children = (
				AC4F6A012097E5860096E555 /* UITableViewDataSource.swift */,
				AC683A2F2097E73E00047585 /* UIPickerViewDataSource.swift */,
			);
			path = "Data Source";
			sourceTree = "<group>";
		};
		ACA0DB64208E126C00A962C4 = {
			isa = PBXGroup;
			children = (
				ACA0DB6F208E126C00A962C4 /* MacPaw_Internship */,
				ACA0DB6E208E126C00A962C4 /* Products */,
			);
			sourceTree = "<group>";
		};
		ACA0DB6E208E126C00A962C4 /* Products */ = {
			isa = PBXGroup;
			children = (
				ACA0DB6D208E126C00A962C4 /* MacPaw_Internship.app */,
			);
			name = Products;
			sourceTree = "<group>";
		};
		ACA0DB6F208E126C00A962C4 /* MacPaw_Internship */ = {
			isa = PBXGroup;
			children = (
				ACA0DB85208E331600A962C4 /* Supporting Files */,
				AC4F69FA2097DBE20096E555 /* Extentions */,
				ACA0DB72208E126C00A962C4 /* GamesViewController.swift */,
				ACA0DB86208E3A7200A962C4 /* GameCell.swift */,
				ACA0DB8A208F38E400A962C4 /* AddingGameView.swift */,
				ACA0DB74208E126C00A962C4 /* Main.storyboard */,
			);
			path = MacPaw_Internship;
			sourceTree = "<group>";
		};
		ACA0DB85208E331600A962C4 /* Supporting Files */ = {
			isa = PBXGroup;
			children = (
				ACA0DB70208E126C00A962C4 /* AppDelegate.swift */,
				ACA0DB7A208E127100A962C4 /* Assets.xcassets */,
				ACA0DB7C208E127100A962C4 /* LaunchScreen.storyboard */,
				ACA0DB7F208E127100A962C4 /* Info.plist */,
				AC4AFE1420956733004BD25B /* MacPaw_Internship.xcdatamodeld */,
			);
			path = "Supporting Files";
			sourceTree = "<group>";
		};
		ACC63ABC20980140001559F6 /* IBActions */ = {
			isa = PBXGroup;
			children = (
				ACC63ABA20980013001559F6 /* ShowAddingGameView.swift */,
				ACC63ABF209801A7001559F6 /* HideAddingGameView.swift */,
			);
			path = IBActions;
			sourceTree = "<group>";
		};
/* End PBXGroup section */

/* Begin PBXNativeTarget section */
		ACA0DB6C208E126C00A962C4 /* MacPaw_Internship */ = {
			isa = PBXNativeTarget;
			buildConfigurationList = ACA0DB82208E127100A962C4 /* Build configuration list for PBXNativeTarget "MacPaw_Internship" */;
			buildPhases = (
				ACA0DB69208E126C00A962C4 /* Sources */,
				ACA0DB6A208E126C00A962C4 /* Frameworks */,
				ACA0DB6B208E126C00A962C4 /* Resources */,
			);
			buildRules = (
			);
			dependencies = (
			);
			name = MacPaw_Internship;
			productName = MacPaw_Internship;
			productReference = ACA0DB6D208E126C00A962C4 /* MacPaw_Internship.app */;
			productType = "com.apple.product-type.application";
		};
/* End PBXNativeTarget section */

/* Begin PBXProject section */
		ACA0DB65208E126C00A962C4 /* Project object */ = {
			isa = PBXProject;
			attributes = {
				LastSwiftUpdateCheck = 0930;
				LastUpgradeCheck = 0930;
				ORGANIZATIONNAME = Artem;
				TargetAttributes = {
					ACA0DB6C208E126C00A962C4 = {
						CreatedOnToolsVersion = 9.3;
					};
				};
			};
			buildConfigurationList = ACA0DB68208E126C00A962C4 /* Build configuration list for PBXProject "MacPaw_Internship" */;
			compatibilityVersion = "Xcode 9.3";
			developmentRegion = en;
			hasScannedForEncodings = 0;
			knownRegions = (
				en,
				Base,
			);
			mainGroup = ACA0DB64208E126C00A962C4;
			productRefGroup = ACA0DB6E208E126C00A962C4 /* Products */;
			projectDirPath = "";
			projectRoot = "";
			targets = (
				ACA0DB6C208E126C00A962C4 /* MacPaw_Internship */,
			);
		};
/* End PBXProject section */

/* Begin PBXResourcesBuildPhase section */
		ACA0DB6B208E126C00A962C4 /* Resources */ = {
			isa = PBXResourcesBuildPhase;
			buildActionMask = 2147483647;
			files = (
				ACA0DB7E208E127100A962C4 /* LaunchScreen.storyboard in Resources */,
				ACA0DB7B208E127100A962C4 /* Assets.xcassets in Resources */,
				ACA0DB76208E126C00A962C4 /* Main.storyboard in Resources */,
			);
			runOnlyForDeploymentPostprocessing = 0;
		};
/* End PBXResourcesBuildPhase section */

/* Begin PBXSourcesBuildPhase section */
		ACA0DB69208E126C00A962C4 /* Sources */ = {
			isa = PBXSourcesBuildPhase;
			buildActionMask = 2147483647;
			files = (
				AC4F69FE2097DF860096E555 /* UIImagePickerViewControllerDelegate.swift in Sources */,
				ACA0DB8B208F38E400A962C4 /* AddingGameView.swift in Sources */,
				AC4F69FC2097DE490096E555 /* UIPickerViewDelegate.swift in Sources */,
				AC4F6A022097E5860096E555 /* UITableViewDataSource.swift in Sources */,
				ACC63AC0209801A7001559F6 /* HideAddingGameView.swift in Sources */,
				AC4F69F92097DBDA0096E555 /* UITableViewDelegate.swift in Sources */,
				ACA0DB73208E126C00A962C4 /* GamesViewController.swift in Sources */,
				ACC63ABB20980013001559F6 /* ShowAddingGameView.swift in Sources */,
				ACC63AB92097FF3D001559F6 /* UIGestureRecognizerDelegate.swift in Sources */,
				ACA0DB71208E126C00A962C4 /* AppDelegate.swift in Sources */,
				AC4AFE1620956733004BD25B /* MacPaw_Internship.xcdatamodeld in Sources */,
				AC683A302097E73E00047585 /* UIPickerViewDataSource.swift in Sources */,
				ACA0DB87208E3A7200A962C4 /* GameCell.swift in Sources */,
				ACC63AB72097F7F4001559F6 /* GetCurrentYear.swift in Sources */,
				ACC63AB52097F65F001559F6 /* SaveGame.swift in Sources */,
				ACC63AB32097F5BF001559F6 /* FilterGame.swift in Sources */,
			);
			runOnlyForDeploymentPostprocessing = 0;
		};
/* End PBXSourcesBuildPhase section */

/* Begin PBXVariantGroup section */
		ACA0DB74208E126C00A962C4 /* Main.storyboard */ = {
			isa = PBXVariantGroup;
			children = (
				ACA0DB75208E126C00A962C4 /* Base */,
			);
			name = Main.storyboard;
			sourceTree = "<group>";
		};
		ACA0DB7C208E127100A962C4 /* LaunchScreen.storyboard */ = {
			isa = PBXVariantGroup;
			children = (
				ACA0DB7D208E127100A962C4 /* Base */,
			);
			name = LaunchScreen.storyboard;
			sourceTree = "<group>";
		};
/* End PBXVariantGroup section */

/* Begin XCBuildConfiguration section */
		ACA0DB80208E127100A962C4 /* Debug */ = {
			isa = XCBuildConfiguration;
			buildSettings = {
				ALWAYS_SEARCH_USER_PATHS = NO;
				CLANG_ANALYZER_NONNULL = YES;
				CLANG_ANALYZER_NUMBER_OBJECT_CONVERSION = YES_AGGRESSIVE;
				CLANG_CXX_LANGUAGE_STANDARD = "gnu++14";
				CLANG_CXX_LIBRARY = "libc++";
				CLANG_ENABLE_MODULES = YES;
				CLANG_ENABLE_OBJC_ARC = YES;
				CLANG_ENABLE_OBJC_WEAK = YES;
				CLANG_WARN_BLOCK_CAPTURE_AUTORELEASING = YES;
				CLANG_WARN_BOOL_CONVERSION = YES;
				CLANG_WARN_COMMA = YES;
				CLANG_WARN_CONSTANT_CONVERSION = YES;
				CLANG_WARN_DEPRECATED_OBJC_IMPLEMENTATIONS = YES;
				CLANG_WARN_DIRECT_OBJC_ISA_USAGE = YES_ERROR;
				CLANG_WARN_DOCUMENTATION_COMMENTS = YES;
				CLANG_WARN_EMPTY_BODY = YES;
				CLANG_WARN_ENUM_CONVERSION = YES;
				CLANG_WARN_INFINITE_RECURSION = YES;
				CLANG_WARN_INT_CONVERSION = YES;
				CLANG_WARN_NON_LITERAL_NULL_CONVERSION = YES;
				CLANG_WARN_OBJC_IMPLICIT_RETAIN_SELF = YES;
				CLANG_WARN_OBJC_LITERAL_CONVERSION = YES;
				CLANG_WARN_OBJC_ROOT_CLASS = YES_ERROR;
				CLANG_WARN_RANGE_LOOP_ANALYSIS = YES;
				CLANG_WARN_STRICT_PROTOTYPES = YES;
				CLANG_WARN_SUSPICIOUS_MOVE = YES;
				CLANG_WARN_UNGUARDED_AVAILABILITY = YES_AGGRESSIVE;
				CLANG_WARN_UNREACHABLE_CODE = YES;
				CLANG_WARN__DUPLICATE_METHOD_MATCH = YES;
				CODE_SIGN_IDENTITY = "iPhone Developer";
				COPY_PHASE_STRIP = NO;
				DEBUG_INFORMATION_FORMAT = dwarf;
				ENABLE_STRICT_OBJC_MSGSEND = YES;
				ENABLE_TESTABILITY = YES;
				GCC_C_LANGUAGE_STANDARD = gnu11;
				GCC_DYNAMIC_NO_PIC = NO;
				GCC_NO_COMMON_BLOCKS = YES;
				GCC_OPTIMIZATION_LEVEL = 0;
				GCC_PREPROCESSOR_DEFINITIONS = (
					"DEBUG=1",
					"$(inherited)",
				);
				GCC_WARN_64_TO_32_BIT_CONVERSION = YES;
				GCC_WARN_ABOUT_RETURN_TYPE = YES_ERROR;
				GCC_WARN_UNDECLARED_SELECTOR = YES;
				GCC_WARN_UNINITIALIZED_AUTOS = YES_AGGRESSIVE;
				GCC_WARN_UNUSED_FUNCTION = YES;
				GCC_WARN_UNUSED_VARIABLE = YES;
				IPHONEOS_DEPLOYMENT_TARGET = 11.3;
				MTL_ENABLE_DEBUG_INFO = YES;
				ONLY_ACTIVE_ARCH = YES;
				SDKROOT = iphoneos;
				SWIFT_ACTIVE_COMPILATION_CONDITIONS = DEBUG;
				SWIFT_OPTIMIZATION_LEVEL = "-Onone";
			};
			name = Debug;
		};
		ACA0DB81208E127100A962C4 /* Release */ = {
			isa = XCBuildConfiguration;
			buildSettings = {
				ALWAYS_SEARCH_USER_PATHS = NO;
				CLANG_ANALYZER_NONNULL = YES;
				CLANG_ANALYZER_NUMBER_OBJECT_CONVERSION = YES_AGGRESSIVE;
				CLANG_CXX_LANGUAGE_STANDARD = "gnu++14";
				CLANG_CXX_LIBRARY = "libc++";
				CLANG_ENABLE_MODULES = YES;
				CLANG_ENABLE_OBJC_ARC = YES;
				CLANG_ENABLE_OBJC_WEAK = YES;
				CLANG_WARN_BLOCK_CAPTURE_AUTORELEASING = YES;
				CLANG_WARN_BOOL_CONVERSION = YES;
				CLANG_WARN_COMMA = YES;
				CLANG_WARN_CONSTANT_CONVERSION = YES;
				CLANG_WARN_DEPRECATED_OBJC_IMPLEMENTATIONS = YES;
				CLANG_WARN_DIRECT_OBJC_ISA_USAGE = YES_ERROR;
				CLANG_WARN_DOCUMENTATION_COMMENTS = YES;
				CLANG_WARN_EMPTY_BODY = YES;
				CLANG_WARN_ENUM_CONVERSION = YES;
				CLANG_WARN_INFINITE_RECURSION = YES;
				CLANG_WARN_INT_CONVERSION = YES;
				CLANG_WARN_NON_LITERAL_NULL_CONVERSION = YES;
				CLANG_WARN_OBJC_IMPLICIT_RETAIN_SELF = YES;
				CLANG_WARN_OBJC_LITERAL_CONVERSION = YES;
				CLANG_WARN_OBJC_ROOT_CLASS = YES_ERROR;
				CLANG_WARN_RANGE_LOOP_ANALYSIS = YES;
				CLANG_WARN_STRICT_PROTOTYPES = YES;
				CLANG_WARN_SUSPICIOUS_MOVE = YES;
				CLANG_WARN_UNGUARDED_AVAILABILITY = YES_AGGRESSIVE;
				CLANG_WARN_UNREACHABLE_CODE = YES;
				CLANG_WARN__DUPLICATE_METHOD_MATCH = YES;
				CODE_SIGN_IDENTITY = "iPhone Developer";
				COPY_PHASE_STRIP = NO;
				DEBUG_INFORMATION_FORMAT = "dwarf-with-dsym";
				ENABLE_NS_ASSERTIONS = NO;
				ENABLE_STRICT_OBJC_MSGSEND = YES;
				GCC_C_LANGUAGE_STANDARD = gnu11;
				GCC_NO_COMMON_BLOCKS = YES;
				GCC_WARN_64_TO_32_BIT_CONVERSION = YES;
				GCC_WARN_ABOUT_RETURN_TYPE = YES_ERROR;
				GCC_WARN_UNDECLARED_SELECTOR = YES;
				GCC_WARN_UNINITIALIZED_AUTOS = YES_AGGRESSIVE;
				GCC_WARN_UNUSED_FUNCTION = YES;
				GCC_WARN_UNUSED_VARIABLE = YES;
				IPHONEOS_DEPLOYMENT_TARGET = 11.3;
				MTL_ENABLE_DEBUG_INFO = NO;
				SDKROOT = iphoneos;
				SWIFT_COMPILATION_MODE = wholemodule;
				SWIFT_OPTIMIZATION_LEVEL = "-O";
				VALIDATE_PRODUCT = YES;
			};
			name = Release;
		};
		ACA0DB83208E127100A962C4 /* Debug */ = {
			isa = XCBuildConfiguration;
			buildSettings = {
				ASSETCATALOG_COMPILER_APPICON_NAME = AppIcon;
				CODE_SIGN_STYLE = Automatic;
				DEVELOPMENT_TEAM = JE5R4U2ZLM;
				INFOPLIST_FILE = "$(SRCROOT)/MacPaw_Internship/Supporting Files/Info.plist";
				LD_RUNPATH_SEARCH_PATHS = (
					"$(inherited)",
					"@executable_path/Frameworks",
				);
				PRODUCT_BUNDLE_IDENTIFIER = "Artem.MacPaw-Internship";
				PRODUCT_NAME = "$(TARGET_NAME)";
				SWIFT_VERSION = 4.0;
				TARGETED_DEVICE_FAMILY = "1,2";
			};
			name = Debug;
		};
		ACA0DB84208E127100A962C4 /* Release */ = {
			isa = XCBuildConfiguration;
			buildSettings = {
				ASSETCATALOG_COMPILER_APPICON_NAME = AppIcon;
				CODE_SIGN_STYLE = Automatic;
				DEVELOPMENT_TEAM = JE5R4U2ZLM;
				INFOPLIST_FILE = "$(SRCROOT)/MacPaw_Internship/Supporting Files/Info.plist";
				LD_RUNPATH_SEARCH_PATHS = (
					"$(inherited)",
					"@executable_path/Frameworks",
				);
				PRODUCT_BUNDLE_IDENTIFIER = "Artem.MacPaw-Internship";
				PRODUCT_NAME = "$(TARGET_NAME)";
				SWIFT_VERSION = 4.0;
				TARGETED_DEVICE_FAMILY = "1,2";
			};
			name = Release;
		};
/* End XCBuildConfiguration section */

/* Begin XCConfigurationList section */
		ACA0DB68208E126C00A962C4 /* Build configuration list for PBXProject "MacPaw_Internship" */ = {
			isa = XCConfigurationList;
			buildConfigurations = (
				ACA0DB80208E127100A962C4 /* Debug */,
				ACA0DB81208E127100A962C4 /* Release */,
			);
			defaultConfigurationIsVisible = 0;
			defaultConfigurationName = Release;
		};
		ACA0DB82208E127100A962C4 /* Build configuration list for PBXNativeTarget "MacPaw_Internship" */ = {
			isa = XCConfigurationList;
			buildConfigurations = (
				ACA0DB83208E127100A962C4 /* Debug */,
				ACA0DB84208E127100A962C4 /* Release */,
			);
			defaultConfigurationIsVisible = 0;
			defaultConfigurationName = Release;
		};
/* End XCConfigurationList section */

/* Begin XCVersionGroup section */
		AC4AFE1420956733004BD25B /* MacPaw_Internship.xcdatamodeld */ = {
			isa = XCVersionGroup;
			children = (
				AC4AFE1520956733004BD25B /* MacPaw_Internship.xcdatamodel */,
			);
			currentVersion = AC4AFE1520956733004BD25B /* MacPaw_Internship.xcdatamodel */;
			path = MacPaw_Internship.xcdatamodeld;
			sourceTree = "<group>";
			versionGroupType = wrapper.xcdatamodel;
		};
/* End XCVersionGroup section */
	};
	rootObject = ACA0DB65208E126C00A962C4 /* Project object */;
}
